{
  "name": "angular-js",
  "version": "1.0.0",
  "lockfileVersion": 1,
  "requires": true,
  "dependencies": {
    "@types/angular": {
      "version": "1.6.57",
      "resolved": "https://registry.npmjs.org/@types/angular/-/angular-1.6.57.tgz",
      "integrity": "sha512-Pbp8Clanwb/nurGuLUYhKp7eeaEjwyI3MHb3ggjPHYPxysypzEin6UFcrcDv5xhu433axlwQ5BYU9svmcICoAQ=="
    },
    "@types/angular-route": {
      "version": "1.7.1",
      "resolved": "https://registry.npmjs.org/@types/angular-route/-/angular-route-1.7.1.tgz",
      "integrity": "sha512-5N5nfUYTEf5InmrhGU5qtvBOHOq6uvv1olJR5fd6Eq5YFT+cdjrr0nklBaFfulAsF0Cd8y7IQipgaUSwWsATYQ==",
      "dev": true,
      "requires": {
        "@types/angular": "*"
      }
    },
    "angular": {
      "version": "1.8.3",
      "resolved": "https://registry.npmjs.org/angular/-/angular-1.8.3.tgz",
      "integrity": "sha512-5qjkWIQQVsHj4Sb5TcEs4WZWpFeVFHXwxEBHUhrny41D8UrBAd6T/6nPPAsLngJCReIOqi95W3mxdveveutpZw==",
      "dev": true
    },
    "angular-route": {
      "version": "1.7.9",
      "resolved": "https://registry.npmjs.org/angular-route/-/angular-route-1.7.9.tgz",
      "integrity": "sha512-vRoj5hzdQtWbODhWJqDzD1iNOEfCKshO6GFBuPVV7RHlPjzIc4R2dHCc7Qiv/8F3LDxJDohc6vSnTDMLHuaqeA==",
      "dev": true
    },
    "typescript": {
      "version": "3.8.3",
      "resolved": "https://registry.npmjs.org/typescript/-/typescript-3.8.3.tgz",
      "integrity": "sha512-MYlEfn5VrLNsgudQTVJeNaQFUAI7DkhnOjdpAp4T+ku1TfQClewlbSuTVHiA+8skNBgaf02TL/kLOvig4y3G8w==",
      "dev": true
    }
  }
}
